// !$*UTF8*$!
{
	archiveVersion = 1;
	classes = {
	};
	objectVersion = 56;
	objects = {

/* Begin PBXBuildFile section */
		5DCBF68E2BAB05DA005DDAE0 /* AppDelegate.swift in Sources */ = {isa = PBXBuildFile; fileRef = 5DCBF68D2BAB05DA005DDAE0 /* AppDelegate.swift */; };
		5DCBF6902BAB05DA005DDAE0 /* SceneDelegate.swift in Sources */ = {isa = PBXBuildFile; fileRef = 5DCBF68F2BAB05DA005DDAE0 /* SceneDelegate.swift */; };
		5DCBF6922BAB05DA005DDAE0 /* ViewController.swift in Sources */ = {isa = PBXBuildFile; fileRef = 5DCBF6912BAB05DA005DDAE0 /* ViewController.swift */; };
		5DCBF6952BAB05DA005DDAE0 /* Base in Resources */ = {isa = PBXBuildFile; fileRef = 5DCBF6942BAB05DA005DDAE0 /* Base */; };
		5DCBF6972BAB05DD005DDAE0 /* Assets.xcassets in Resources */ = {isa = PBXBuildFile; fileRef = 5DCBF6962BAB05DD005DDAE0 /* Assets.xcassets */; };
		5DCBF69A2BAB05DD005DDAE0 /* Base in Resources */ = {isa = PBXBuildFile; fileRef = 5DCBF6992BAB05DD005DDAE0 /* Base */; };
		5DCBF6A52BAB05DD005DDAE0 /* LambdaTests.swift in Sources */ = {isa = PBXBuildFile; fileRef = 5DCBF6A42BAB05DD005DDAE0 /* LambdaTests.swift */; };
		5DCBF6AF2BAB05DD005DDAE0 /* LambdaUITests.swift in Sources */ = {isa = PBXBuildFile; fileRef = 5DCBF6AE2BAB05DD005DDAE0 /* LambdaUITests.swift */; };
		5DCBF6B12BAB05DD005DDAE0 /* LambdaUITestsLaunchTests.swift in Sources */ = {isa = PBXBuildFile; fileRef = 5DCBF6B02BAB05DD005DDAE0 /* LambdaUITestsLaunchTests.swift */; };
/* End PBXBuildFile section */

/* Begin PBXContainerItemProxy section */
		5DCBF6A12BAB05DD005DDAE0 /* PBXContainerItemProxy */ = {
			isa = PBXContainerItemProxy;
			containerPortal = 5DCBF6822BAB05DA005DDAE0 /* Project object */;
			proxyType = 1;
			remoteGlobalIDString = 5DCBF6892BAB05DA005DDAE0;
			remoteInfo = Lambda;
		};
		5DCBF6AB2BAB05DD005DDAE0 /* PBXContainerItemProxy */ = {
			isa = PBXContainerItemProxy;
			containerPortal = 5DCBF6822BAB05DA005DDAE0 /* Project object */;
			proxyType = 1;
			remoteGlobalIDString = 5DCBF6892BAB05DA005DDAE0;
			remoteInfo = Lambda;
		};
/* End PBXContainerItemProxy section */

/* Begin PBXFileReference section */
		5DCBF68A2BAB05DA005DDAE0 /* Lambda.app */ = {isa = PBXFileReference; explicitFileType = wrapper.application; includeInIndex = 0; path = Lambda.app; sourceTree = BUILT_PRODUCTS_DIR; };
		5DCBF68D2BAB05DA005DDAE0 /* AppDelegate.swift */ = {isa = PBXFileReference; lastKnownFileType = sourcecode.swift; path = AppDelegate.swift; sourceTree = "<group>"; };
		5DCBF68F2BAB05DA005DDAE0 /* SceneDelegate.swift */ = {isa = PBXFileReference; lastKnownFileType = sourcecode.swift; path = SceneDelegate.swift; sourceTree = "<group>"; };
		5DCBF6912BAB05DA005DDAE0 /* ViewController.swift */ = {isa = PBXFileReference; lastKnownFileType = sourcecode.swift; path = ViewController.swift; sourceTree = "<group>"; };
		5DCBF6942BAB05DA005DDAE0 /* Base */ = {isa = PBXFileReference; lastKnownFileType = file.storyboard; name = Base; path = Base.lproj/Main.storyboard; sourceTree = "<group>"; };
		5DCBF6962BAB05DD005DDAE0 /* Assets.xcassets */ = {isa = PBXFileReference; lastKnownFileType = folder.assetcatalog; path = Assets.xcassets; sourceTree = "<group>"; };
		5DCBF6992BAB05DD005DDAE0 /* Base */ = {isa = PBXFileReference; lastKnownFileType = file.storyboard; name = Base; path = Base.lproj/LaunchScreen.storyboard; sourceTree = "<group>"; };
		5DCBF69B2BAB05DD005DDAE0 /* Info.plist */ = {isa = PBXFileReference; lastKnownFileType = text.plist.xml; path = Info.plist; sourceTree = "<group>"; };
		5DCBF6A02BAB05DD005DDAE0 /* LambdaTests.xctest */ = {isa = PBXFileReference; explicitFileType = wrapper.cfbundle; includeInIndex = 0; path = LambdaTests.xctest; sourceTree = BUILT_PRODUCTS_DIR; };
		5DCBF6A42BAB05DD005DDAE0 /* LambdaTests.swift */ = {isa = PBXFileReference; lastKnownFileType = sourcecode.swift; path = LambdaTests.swift; sourceTree = "<group>"; };
		5DCBF6AA2BAB05DD005DDAE0 /* LambdaUITests.xctest */ = {isa = PBXFileReference; explicitFileType = wrapper.cfbundle; includeInIndex = 0; path = LambdaUITests.xctest; sourceTree = BUILT_PRODUCTS_DIR; };
		5DCBF6AE2BAB05DD005DDAE0 /* LambdaUITests.swift */ = {isa = PBXFileReference; lastKnownFileType = sourcecode.swift; path = LambdaUITests.swift; sourceTree = "<group>"; };
		5DCBF6B02BAB05DD005DDAE0 /* LambdaUITestsLaunchTests.swift */ = {isa = PBXFileReference; lastKnownFileType = sourcecode.swift; path = LambdaUITestsLaunchTests.swift; sourceTree = "<group>"; };
/* End PBXFileReference section */

/* Begin PBXFrameworksBuildPhase section */
		5DCBF6872BAB05DA005DDAE0 /* Frameworks */ = {
			isa = PBXFrameworksBuildPhase;
			buildActionMask = 2147483647;
			files = (
			);
			runOnlyForDeploymentPostprocessing = 0;
		};
		5DCBF69D2BAB05DD005DDAE0 /* Frameworks */ = {
			isa = PBXFrameworksBuildPhase;
			buildActionMask = 2147483647;
			files = (
			);
			runOnlyForDeploymentPostprocessing = 0;
		};
		5DCBF6A72BAB05DD005DDAE0 /* Frameworks */ = {
			isa = PBXFrameworksBuildPhase;
			buildActionMask = 2147483647;
			files = (
			);
			runOnlyForDeploymentPostprocessing = 0;
		};
/* End PBXFrameworksBuildPhase section */

/* Begin PBXGroup section */
		5DCBF6812BAB05DA005DDAE0 = {
			isa = PBXGroup;
			children = (
				5DCBF68C2BAB05DA005DDAE0 /* Lambda */,
				5DCBF6A32BAB05DD005DDAE0 /* LambdaTests */,
				5DCBF6AD2BAB05DD005DDAE0 /* LambdaUITests */,
				5DCBF68B2BAB05DA005DDAE0 /* Products */,
			);
			sourceTree = "<group>";
		};
		5DCBF68B2BAB05DA005DDAE0 /* Products */ = {
			isa = PBXGroup;
			children = (
				5DCBF68A2BAB05DA005DDAE0 /* Lambda.app */,
				5DCBF6A02BAB05DD005DDAE0 /* LambdaTests.xctest */,
				5DCBF6AA2BAB05DD005DDAE0 /* LambdaUITests.xctest */,
			);
			name = Products;
			sourceTree = "<group>";
		};
		5DCBF68C2BAB05DA005DDAE0 /* Lambda */ = {
			isa = PBXGroup;
			children = (
				5DCBF68D2BAB05DA005DDAE0 /* AppDelegate.swift */,
				5DCBF68F2BAB05DA005DDAE0 /* SceneDelegate.swift */,
				5DCBF6912BAB05DA005DDAE0 /* ViewController.swift */,
				5DCBF6932BAB05DA005DDAE0 /* Main.storyboard */,
				5DCBF6962BAB05DD005DDAE0 /* Assets.xcassets */,
				5DCBF6982BAB05DD005DDAE0 /* LaunchScreen.storyboard */,
				5DCBF69B2BAB05DD005DDAE0 /* Info.plist */,
			);
			path = Lambda;
			sourceTree = "<group>";
		};
		5DCBF6A32BAB05DD005DDAE0 /* LambdaTests */ = {
			isa = PBXGroup;
			children = (
				5DCBF6A42BAB05DD005DDAE0 /* LambdaTests.swift */,
			);
			path = LambdaTests;
			sourceTree = "<group>";
		};
		5DCBF6AD2BAB05DD005DDAE0 /* LambdaUITests */ = {
			isa = PBXGroup;
			children = (
				5DCBF6AE2BAB05DD005DDAE0 /* LambdaUITests.swift */,
				5DCBF6B02BAB05DD005DDAE0 /* LambdaUITestsLaunchTests.swift */,
			);
			path = LambdaUITests;
			sourceTree = "<group>";
		};
/* End PBXGroup section */

/* Begin PBXNativeTarget section */
		5DCBF6892BAB05DA005DDAE0 /* Lambda */ = {
			isa = PBXNativeTarget;
			buildConfigurationList = 5DCBF6B42BAB05DD005DDAE0 /* Build configuration list for PBXNativeTarget "Lambda" */;
			buildPhases = (
				5DCBF6862BAB05DA005DDAE0 /* Sources */,
				5DCBF6872BAB05DA005DDAE0 /* Frameworks */,
				5DCBF6882BAB05DA005DDAE0 /* Resources */,
			);
			buildRules = (
			);
			dependencies = (
			);
			name = Lambda;
			productName = Lambda;
			productReference = 5DCBF68A2BAB05DA005DDAE0 /* Lambda.app */;
			productType = "com.apple.product-type.application";
		};
		5DCBF69F2BAB05DD005DDAE0 /* LambdaTests */ = {
			isa = PBXNativeTarget;
			buildConfigurationList = 5DCBF6B72BAB05DD005DDAE0 /* Build configuration list for PBXNativeTarget "LambdaTests" */;
			buildPhases = (
				5DCBF69C2BAB05DD005DDAE0 /* Sources */,
				5DCBF69D2BAB05DD005DDAE0 /* Frameworks */,
				5DCBF69E2BAB05DD005DDAE0 /* Resources */,
			);
			buildRules = (
			);
			dependencies = (
				5DCBF6A22BAB05DD005DDAE0 /* PBXTargetDependency */,
			);
			name = LambdaTests;
			productName = LambdaTests;
			productReference = 5DCBF6A02BAB05DD005DDAE0 /* LambdaTests.xctest */;
			productType = "com.apple.product-type.bundle.unit-test";
		};
		5DCBF6A92BAB05DD005DDAE0 /* LambdaUITests */ = {
			isa = PBXNativeTarget;
			buildConfigurationList = 5DCBF6BA2BAB05DD005DDAE0 /* Build configuration list for PBXNativeTarget "LambdaUITests" */;
			buildPhases = (
				5DCBF6A62BAB05DD005DDAE0 /* Sources */,
				5DCBF6A72BAB05DD005DDAE0 /* Frameworks */,
				5DCBF6A82BAB05DD005DDAE0 /* Resources */,
			);
			buildRules = (
			);
			dependencies = (
				5DCBF6AC2BAB05DD005DDAE0 /* PBXTargetDependency */,
			);
			name = LambdaUITests;
			productName = LambdaUITests;
			productReference = 5DCBF6AA2BAB05DD005DDAE0 /* LambdaUITests.xctest */;
			productType = "com.apple.product-type.bundle.ui-testing";
		};
/* End PBXNativeTarget section */

/* Begin PBXProject section */
		5DCBF6822BAB05DA005DDAE0 /* Project object */ = {
			isa = PBXProject;
			attributes = {
				BuildIndependentTargetsInParallel = 1;
				LastSwiftUpdateCheck = 1530;
				LastUpgradeCheck = 1530;
				TargetAttributes = {
					5DCBF6892BAB05DA005DDAE0 = {
						CreatedOnToolsVersion = 15.3;
					};
					5DCBF69F2BAB05DD005DDAE0 = {
						CreatedOnToolsVersion = 15.3;
						TestTargetID = 5DCBF6892BAB05DA005DDAE0;
					};
					5DCBF6A92BAB05DD005DDAE0 = {
						CreatedOnToolsVersion = 15.3;
						TestTargetID = 5DCBF6892BAB05DA005DDAE0;
					};
				};
			};
			buildConfigurationList = 5DCBF6852BAB05DA005DDAE0 /* Build configuration list for PBXProject "Lambda" */;
			compatibilityVersion = "Xcode 14.0";
			developmentRegion = en;
			hasScannedForEncodings = 0;
			knownRegions = (
				en,
				Base,
			);
			mainGroup = 5DCBF6812BAB05DA005DDAE0;
			productRefGroup = 5DCBF68B2BAB05DA005DDAE0 /* Products */;
			projectDirPath = "";
			projectRoot = "";
			targets = (
				5DCBF6892BAB05DA005DDAE0 /* Lambda */,
				5DCBF69F2BAB05DD005DDAE0 /* LambdaTests */,
				5DCBF6A92BAB05DD005DDAE0 /* LambdaUITests */,
			);
		};
/* End PBXProject section */

/* Begin PBXResourcesBuildPhase section */
		5DCBF6882BAB05DA005DDAE0 /* Resources */ = {
			isa = PBXResourcesBuildPhase;
			buildActionMask = 2147483647;
			files = (
				5DCBF6972BAB05DD005DDAE0 /* Assets.xcassets in Resources */,
				5DCBF69A2BAB05DD005DDAE0 /* Base in Resources */,
				5DCBF6952BAB05DA005DDAE0 /* Base in Resources */,
			);
			runOnlyForDeploymentPostprocessing = 0;
		};
		5DCBF69E2BAB05DD005DDAE0 /* Resources */ = {
			isa = PBXResourcesBuildPhase;
			buildActionMask = 2147483647;
			files = (
			);
			runOnlyForDeploymentPostprocessing = 0;
		};
		5DCBF6A82BAB05DD005DDAE0 /* Resources */ = {
			isa = PBXResourcesBuildPhase;
			buildActionMask = 2147483647;
			files = (
			);
			runOnlyForDeploymentPostprocessing = 0;
		};
/* End PBXResourcesBuildPhase section */

/* Begin PBXSourcesBuildPhase section */
		5DCBF6862BAB05DA005DDAE0 /* Sources */ = {
			isa = PBXSourcesBuildPhase;
			buildActionMask = 2147483647;
			files = (
				5DCBF6922BAB05DA005DDAE0 /* ViewController.swift in Sources */,
				5DCBF68E2BAB05DA005DDAE0 /* AppDelegate.swift in Sources */,
				5DCBF6902BAB05DA005DDAE0 /* SceneDelegate.swift in Sources */,
			);
			runOnlyForDeploymentPostprocessing = 0;
		};
		5DCBF69C2BAB05DD005DDAE0 /* Sources */ = {
			isa = PBXSourcesBuildPhase;
			buildActionMask = 2147483647;
			files = (
				5DCBF6A52BAB05DD005DDAE0 /* LambdaTests.swift in Sources */,
			);
			runOnlyForDeploymentPostprocessing = 0;
		};
		5DCBF6A62BAB05DD005DDAE0 /* Sources */ = {
			isa = PBXSourcesBuildPhase;
			buildActionMask = 2147483647;
			files = (
				5DCBF6AF2BAB05DD005DDAE0 /* LambdaUITests.swift in Sources */,
				5DCBF6B12BAB05DD005DDAE0 /* LambdaUITestsLaunchTests.swift in Sources */,
			);
			runOnlyForDeploymentPostprocessing = 0;
		};
/* End PBXSourcesBuildPhase section */

/* Begin PBXTargetDependency section */
		5DCBF6A22BAB05DD005DDAE0 /* PBXTargetDependency */ = {
			isa = PBXTargetDependency;
			target = 5DCBF6892BAB05DA005DDAE0 /* Lambda */;
			targetProxy = 5DCBF6A12BAB05DD005DDAE0 /* PBXContainerItemProxy */;
		};
		5DCBF6AC2BAB05DD005DDAE0 /* PBXTargetDependency */ = {
			isa = PBXTargetDependency;
			target = 5DCBF6892BAB05DA005DDAE0 /* Lambda */;
			targetProxy = 5DCBF6AB2BAB05DD005DDAE0 /* PBXContainerItemProxy */;
		};
/* End PBXTargetDependency section */

/* Begin PBXVariantGroup section */
		5DCBF6932BAB05DA005DDAE0 /* Main.storyboard */ = {
			isa = PBXVariantGroup;
			children = (
				5DCBF6942BAB05DA005DDAE0 /* Base */,
			);
			name = Main.storyboard;
			sourceTree = "<group>";
		};
		5DCBF6982BAB05DD005DDAE0 /* LaunchScreen.storyboard */ = {
			isa = PBXVariantGroup;
			children = (
				5DCBF6992BAB05DD005DDAE0 /* Base */,
			);
			name = LaunchScreen.storyboard;
			sourceTree = "<group>";
		};
/* End PBXVariantGroup section */

/* Begin XCBuildConfiguration section */
		5DCBF6B22BAB05DD005DDAE0 /* Debug */ = {
			isa = XCBuildConfiguration;
			buildSettings = {
				ALWAYS_SEARCH_USER_PATHS = NO;
				ASSETCATALOG_COMPILER_GENERATE_SWIFT_ASSET_SYMBOL_EXTENSIONS = YES;
				CLANG_ANALYZER_NONNULL = YES;
				CLANG_ANALYZER_NUMBER_OBJECT_CONVERSION = YES_AGGRESSIVE;
				CLANG_CXX_LANGUAGE_STANDARD = "gnu++20";
				CLANG_ENABLE_MODULES = YES;
				CLANG_ENABLE_OBJC_ARC = YES;
				CLANG_ENABLE_OBJC_WEAK = YES;
				CLANG_WARN_BLOCK_CAPTURE_AUTORELEASING = YES;
				CLANG_WARN_BOOL_CONVERSION = YES;
				CLANG_WARN_COMMA = YES;
				CLANG_WARN_CONSTANT_CONVERSION = YES;
				CLANG_WARN_DEPRECATED_OBJC_IMPLEMENTATIONS = YES;
				CLANG_WARN_DIRECT_OBJC_ISA_USAGE = YES_ERROR;
				CLANG_WARN_DOCUMENTATION_COMMENTS = YES;
				CLANG_WARN_EMPTY_BODY = YES;
				CLANG_WARN_ENUM_CONVERSION = YES;
				CLANG_WARN_INFINITE_RECURSION = YES;
				CLANG_WARN_INT_CONVERSION = YES;
				CLANG_WARN_NON_LITERAL_NULL_CONVERSION = YES;
				CLANG_WARN_OBJC_IMPLICIT_RETAIN_SELF = YES;
				CLANG_WARN_OBJC_LITERAL_CONVERSION = YES;
				CLANG_WARN_OBJC_ROOT_CLASS = YES_ERROR;
				CLANG_WARN_QUOTED_INCLUDE_IN_FRAMEWORK_HEADER = YES;
				CLANG_WARN_RANGE_LOOP_ANALYSIS = YES;
				CLANG_WARN_STRICT_PROTOTYPES = YES;
				CLANG_WARN_SUSPICIOUS_MOVE = YES;
				CLANG_WARN_UNGUARDED_AVAILABILITY = YES_AGGRESSIVE;
				CLANG_WARN_UNREACHABLE_CODE = YES;
				CLANG_WARN__DUPLICATE_METHOD_MATCH = YES;
				COPY_PHASE_STRIP = NO;
				DEBUG_INFORMATION_FORMAT = dwarf;
				ENABLE_STRICT_OBJC_MSGSEND = YES;
				ENABLE_TESTABILITY = YES;
				ENABLE_USER_SCRIPT_SANDBOXING = YES;
				GCC_C_LANGUAGE_STANDARD = gnu17;
				GCC_DYNAMIC_NO_PIC = NO;
				GCC_NO_COMMON_BLOCKS = YES;
				GCC_OPTIMIZATION_LEVEL = 0;
				GCC_PREPROCESSOR_DEFINITIONS = (
					"DEBUG=1",
					"$(inherited)",
				);
				GCC_WARN_64_TO_32_BIT_CONVERSION = YES;
				GCC_WARN_ABOUT_RETURN_TYPE = YES_ERROR;
				GCC_WARN_UNDECLARED_SELECTOR = YES;
				GCC_WARN_UNINITIALIZED_AUTOS = YES_AGGRESSIVE;
				GCC_WARN_UNUSED_FUNCTION = YES;
				GCC_WARN_UNUSED_VARIABLE = YES;
				IPHONEOS_DEPLOYMENT_TARGET = 17.4;
				LOCALIZATION_PREFERS_STRING_CATALOGS = YES;
				MTL_ENABLE_DEBUG_INFO = INCLUDE_SOURCE;
				MTL_FAST_MATH = YES;
				ONLY_ACTIVE_ARCH = YES;
				SDKROOT = iphoneos;
				SWIFT_ACTIVE_COMPILATION_CONDITIONS = "DEBUG $(inherited)";
				SWIFT_OPTIMIZATION_LEVEL = "-Onone";
			};
			name = Debug;
		};
		5DCBF6B32BAB05DD005DDAE0 /* Release */ = {
			isa = XCBuildConfiguration;
			buildSettings = {
				ALWAYS_SEARCH_USER_PATHS = NO;
				ASSETCATALOG_COMPILER_GENERATE_SWIFT_ASSET_SYMBOL_EXTENSIONS = YES;
				CLANG_ANALYZER_NONNULL = YES;
				CLANG_ANALYZER_NUMBER_OBJECT_CONVERSION = YES_AGGRESSIVE;
				CLANG_CXX_LANGUAGE_STANDARD = "gnu++20";
				CLANG_ENABLE_MODULES = YES;
				CLANG_ENABLE_OBJC_ARC = YES;
				CLANG_ENABLE_OBJC_WEAK = YES;
				CLANG_WARN_BLOCK_CAPTURE_AUTORELEASING = YES;
				CLANG_WARN_BOOL_CONVERSION = YES;
				CLANG_WARN_COMMA = YES;
				CLANG_WARN_CONSTANT_CONVERSION = YES;
				CLANG_WARN_DEPRECATED_OBJC_IMPLEMENTATIONS = YES;
				CLANG_WARN_DIRECT_OBJC_ISA_USAGE = YES_ERROR;
				CLANG_WARN_DOCUMENTATION_COMMENTS = YES;
				CLANG_WARN_EMPTY_BODY = YES;
				CLANG_WARN_ENUM_CONVERSION = YES;
				CLANG_WARN_INFINITE_RECURSION = YES;
				CLANG_WARN_INT_CONVERSION = YES;
				CLANG_WARN_NON_LITERAL_NULL_CONVERSION = YES;
				CLANG_WARN_OBJC_IMPLICIT_RETAIN_SELF = YES;
				CLANG_WARN_OBJC_LITERAL_CONVERSION = YES;
				CLANG_WARN_OBJC_ROOT_CLASS = YES_ERROR;
				CLANG_WARN_QUOTED_INCLUDE_IN_FRAMEWORK_HEADER = YES;
				CLANG_WARN_RANGE_LOOP_ANALYSIS = YES;
				CLANG_WARN_STRICT_PROTOTYPES = YES;
				CLANG_WARN_SUSPICIOUS_MOVE = YES;
				CLANG_WARN_UNGUARDED_AVAILABILITY = YES_AGGRESSIVE;
				CLANG_WARN_UNREACHABLE_CODE = YES;
				CLANG_WARN__DUPLICATE_METHOD_MATCH = YES;
				COPY_PHASE_STRIP = NO;
				DEBUG_INFORMATION_FORMAT = "dwarf-with-dsym";
				ENABLE_NS_ASSERTIONS = NO;
				ENABLE_STRICT_OBJC_MSGSEND = YES;
				ENABLE_USER_SCRIPT_SANDBOXING = YES;
				GCC_C_LANGUAGE_STANDARD = gnu17;
				GCC_NO_COMMON_BLOCKS = YES;
				GCC_WARN_64_TO_32_BIT_CONVERSION = YES;
				GCC_WARN_ABOUT_RETURN_TYPE = YES_ERROR;
				GCC_WARN_UNDECLARED_SELECTOR = YES;
				GCC_WARN_UNINITIALIZED_AUTOS = YES_AGGRESSIVE;
				GCC_WARN_UNUSED_FUNCTION = YES;
				GCC_WARN_UNUSED_VARIABLE = YES;
				IPHONEOS_DEPLOYMENT_TARGET = 17.4;
				LOCALIZATION_PREFERS_STRING_CATALOGS = YES;
				MTL_ENABLE_DEBUG_INFO = NO;
				MTL_FAST_MATH = YES;
				SDKROOT = iphoneos;
				SWIFT_COMPILATION_MODE = wholemodule;
				VALIDATE_PRODUCT = YES;
			};
			name = Release;
		};
		5DCBF6B52BAB05DD005DDAE0 /* Debug */ = {
			isa = XCBuildConfiguration;
			buildSettings = {
				ASSETCATALOG_COMPILER_APPICON_NAME = AppIcon;
				ASSETCATALOG_COMPILER_GLOBAL_ACCENT_COLOR_NAME = AccentColor;
				CODE_SIGN_STYLE = Automatic;
				CURRENT_PROJECT_VERSION = 1;
				DEVELOPMENT_TEAM = 6X2626RZHL;
				GENERATE_INFOPLIST_FILE = YES;
				INFOPLIST_FILE = Lambda/Info.plist;
				INFOPLIST_KEY_UIApplicationSupportsIndirectInputEvents = YES;
				INFOPLIST_KEY_UILaunchStoryboardName = LaunchScreen;
				INFOPLIST_KEY_UIMainStoryboardFile = Main;
				INFOPLIST_KEY_UISupportedInterfaceOrientations_iPad = "UIInterfaceOrientationPortrait UIInterfaceOrientationPortraitUpsideDown UIInterfaceOrientationLandscapeLeft UIInterfaceOrientationLandscapeRight";
				INFOPLIST_KEY_UISupportedInterfaceOrientations_iPhone = "UIInterfaceOrientationPortrait UIInterfaceOrientationLandscapeLeft UIInterfaceOrientationLandscapeRight";
				LD_RUNPATH_SEARCH_PATHS = (
					"$(inherited)",
					"@executable_path/Frameworks",
				);
				MARKETING_VERSION = 1.0;
				PRODUCT_BUNDLE_IDENTIFIER = "-23892.Lambda";
				PRODUCT_NAME = "$(TARGET_NAME)";
				SWIFT_EMIT_LOC_STRINGS = YES;
				SWIFT_VERSION = 5.0;
				TARGETED_DEVICE_FAMILY = "1,2";
			};
			name = Debug;
		};
		5DCBF6B62BAB05DD005DDAE0 /* Release */ = {
			isa = XCBuildConfiguration;
			buildSettings = {
				ASSETCATALOG_COMPILER_APPICON_NAME = AppIcon;
				ASSETCATALOG_COMPILER_GLOBAL_ACCENT_COLOR_NAME = AccentColor;
				CODE_SIGN_STYLE = Automatic;
				CURRENT_PROJECT_VERSION = 1;
				DEVELOPMENT_TEAM = 6X2626RZHL;
				GENERATE_INFOPLIST_FILE = YES;
				INFOPLIST_FILE = Lambda/Info.plist;
				INFOPLIST_KEY_UIApplicationSupportsIndirectInputEvents = YES;
				INFOPLIST_KEY_UILaunchStoryboardName = LaunchScreen;
				INFOPLIST_KEY_UIMainStoryboardFile = Main;
				INFOPLIST_KEY_UISupportedInterfaceOrientations_iPad = "UIInterfaceOrientationPortrait UIInterfaceOrientationPortraitUpsideDown UIInterfaceOrientationLandscapeLeft UIInterfaceOrientationLandscapeRight";
				INFOPLIST_KEY_UISupportedInterfaceOrientations_iPhone = "UIInterfaceOrientationPortrait UIInterfaceOrientationLandscapeLeft UIInterfaceOrientationLandscapeRight";
				LD_RUNPATH_SEARCH_PATHS = (
					"$(inherited)",
					"@executable_path/Frameworks",
				);
				MARKETING_VERSION = 1.0;
				PRODUCT_BUNDLE_IDENTIFIER = "-23892.Lambda";
				PRODUCT_NAME = "$(TARGET_NAME)";
				SWIFT_EMIT_LOC_STRINGS = YES;
				SWIFT_VERSION = 5.0;
				TARGETED_DEVICE_FAMILY = "1,2";
			};
			name = Release;
		};
		5DCBF6B82BAB05DD005DDAE0 /* Debug */ = {
			isa = XCBuildConfiguration;
			buildSettings = {
				ALWAYS_EMBED_SWIFT_STANDARD_LIBRARIES = YES;
				BUNDLE_LOADER = "$(TEST_HOST)";
				CODE_SIGN_STYLE = Automatic;
				CURRENT_PROJECT_VERSION = 1;
				DEVELOPMENT_TEAM = 6X2626RZHL;
				GENERATE_INFOPLIST_FILE = YES;
				IPHONEOS_DEPLOYMENT_TARGET = 17.4;
				MARKETING_VERSION = 1.0;
				PRODUCT_BUNDLE_IDENTIFIER = "-23892.LambdaTests";
				PRODUCT_NAME = "$(TARGET_NAME)";
				SWIFT_EMIT_LOC_STRINGS = NO;
				SWIFT_VERSION = 5.0;
				TARGETED_DEVICE_FAMILY = "1,2";
				TEST_HOST = "$(BUILT_PRODUCTS_DIR)/Lambda.app/$(BUNDLE_EXECUTABLE_FOLDER_PATH)/Lambda";
			};
			name = Debug;
		};
		5DCBF6B92BAB05DD005DDAE0 /* Release */ = {
			isa = XCBuildConfiguration;
			buildSettings = {
				ALWAYS_EMBED_SWIFT_STANDARD_LIBRARIES = YES;
				BUNDLE_LOADER = "$(TEST_HOST)";
				CODE_SIGN_STYLE = Automatic;
				CURRENT_PROJECT_VERSION = 1;
				DEVELOPMENT_TEAM = 6X2626RZHL;
				GENERATE_INFOPLIST_FILE = YES;
				IPHONEOS_DEPLOYMENT_TARGET = 17.4;
				MARKETING_VERSION = 1.0;
				PRODUCT_BUNDLE_IDENTIFIER = "-23892.LambdaTests";
				PRODUCT_NAME = "$(TARGET_NAME)";
				SWIFT_EMIT_LOC_STRINGS = NO;
				SWIFT_VERSION = 5.0;
				TARGETED_DEVICE_FAMILY = "1,2";
				TEST_HOST = "$(BUILT_PRODUCTS_DIR)/Lambda.app/$(BUNDLE_EXECUTABLE_FOLDER_PATH)/Lambda";
			};
			name = Release;
		};
		5DCBF6BB2BAB05DD005DDAE0 /* Debug */ = {
			isa = XCBuildConfiguration;
			buildSettings = {
				ALWAYS_EMBED_SWIFT_STANDARD_LIBRARIES = YES;
				CODE_SIGN_STYLE = Automatic;
				CURRENT_PROJECT_VERSION = 1;
				DEVELOPMENT_TEAM = 6X2626RZHL;
				GENERATE_INFOPLIST_FILE = YES;
				MARKETING_VERSION = 1.0;
				PRODUCT_BUNDLE_IDENTIFIER = "-23892.LambdaUITests";
				PRODUCT_NAME = "$(TARGET_NAME)";
				SWIFT_EMIT_LOC_STRINGS = NO;
				SWIFT_VERSION = 5.0;
				TARGETED_DEVICE_FAMILY = "1,2";
				TEST_TARGET_NAME = Lambda;
			};
			name = Debug;
		};
		5DCBF6BC2BAB05DD005DDAE0 /* Release */ = {
			isa = XCBuildConfiguration;
			buildSettings = {
				ALWAYS_EMBED_SWIFT_STANDARD_LIBRARIES = YES;
				CODE_SIGN_STYLE = Automatic;
				CURRENT_PROJECT_VERSION = 1;
				DEVELOPMENT_TEAM = 6X2626RZHL;
				GENERATE_INFOPLIST_FILE = YES;
				MARKETING_VERSION = 1.0;
				PRODUCT_BUNDLE_IDENTIFIER = "-23892.LambdaUITests";
				PRODUCT_NAME = "$(TARGET_NAME)";
				SWIFT_EMIT_LOC_STRINGS = NO;
				SWIFT_VERSION = 5.0;
				TARGETED_DEVICE_FAMILY = "1,2";
				TEST_TARGET_NAME = Lambda;
			};
			name = Release;
		};
/* End XCBuildConfiguration section */

/* Begin XCConfigurationList section */
		5DCBF6852BAB05DA005DDAE0 /* Build configuration list for PBXProject "Lambda" */ = {
			isa = XCConfigurationList;
			buildConfigurations = (
				5DCBF6B22BAB05DD005DDAE0 /* Debug */,
				5DCBF6B32BAB05DD005DDAE0 /* Release */,
			);
			defaultConfigurationIsVisible = 0;
			defaultConfigurationName = Release;
		};
		5DCBF6B42BAB05DD005DDAE0 /* Build configuration list for PBXNativeTarget "Lambda" */ = {
			isa = XCConfigurationList;
			buildConfigurations = (
				5DCBF6B52BAB05DD005DDAE0 /* Debug */,
				5DCBF6B62BAB05DD005DDAE0 /* Release */,
			);
			defaultConfigurationIsVisible = 0;
			defaultConfigurationName = Release;
		};
		5DCBF6B72BAB05DD005DDAE0 /* Build configuration list for PBXNativeTarget "LambdaTests" */ = {
			isa = XCConfigurationList;
			buildConfigurations = (
				5DCBF6B82BAB05DD005DDAE0 /* Debug */,
				5DCBF6B92BAB05DD005DDAE0 /* Release */,
			);
			defaultConfigurationIsVisible = 0;
			defaultConfigurationName = Release;
		};
		5DCBF6BA2BAB05DD005DDAE0 /* Build configuration list for PBXNativeTarget "LambdaUITests" */ = {
			isa = XCConfigurationList;
			buildConfigurations = (
				5DCBF6BB2BAB05DD005DDAE0 /* Debug */,
				5DCBF6BC2BAB05DD005DDAE0 /* Release */,
			);
			defaultConfigurationIsVisible = 0;
			defaultConfigurationName = Release;
		};
/* End XCConfigurationList section */
	};
	rootObject = 5DCBF6822BAB05DA005DDAE0 /* Project object */;
}
